# This file is automatically @generated by Poetry 2.1.2 and should not be changed by hand.

[[package]]
name = "tabula-common-sdk"
version = "1.0.0"
description = "Common SDK for environment configuration and utility functions"
optional = false
python-versions = "^3.11"
groups = ["main"]
files = []
develop = true

[package.source]
type = "directory"
url = "libs/common-sdk"

[[package]]
name = "tabula-note-sdk"
version = "1.0.0"
description = "An SDK that processes user-uploaded learning materials"
optional = false
python-versions = "^3.11"
groups = ["main"]
files = []
develop = true

[package.source]
type = "directory"
url = "libs/note-sdk"

[[package]]
name = "tabula-note-service"
version = "1.0.0"
description = "Note Service API for processing note data and providing guidelines"
optional = false
python-versions = "^3.11"
groups = ["main"]
files = []
develop = true

[package.dependencies]
tabula-common-sdk = {path = "../../libs/common-sdk", develop = true}
tabula-note-sdk = {path = "../../libs/note-sdk", develop = true}

[package.source]
type = "directory"
url = "services/note-service"

[[package]]
name = "tabula-result-sdk"
version = "1.0.0"
description = "An SDK for grading based on user-uploaded learning outcomes"
optional = false
python-versions = "^3.11"
groups = ["main"]
files = []
develop = true

[package.source]
type = "directory"
url = "libs/result-sdk"

[[package]]
name = "tabula-result-service"
version = "1.0.0"
description = "Result Service API for processing result data (OCR, grading) and providing feedback"
optional = false
python-versions = "^3.11"
groups = ["main"]
files = []
develop = true

[package.dependencies]
tabula-common-sdk = {path = "../../libs/common-sdk", develop = true}
tabula-result-sdk = {path = "../../libs/result-sdk", develop = true}

[package.source]
type = "directory"
url = "services/result-service"

[metadata]
lock-version = "2.1"
python-versions = "^3.11"
content-hash = "1f03ce6b7dc834f31f40c94fddb472d3cec9971b54a4c1aca2a2742388ad5349"
